
Microsoft Visual Studio Solution File, Format Version 12.00
# Visual Studio 15
VisualStudioVersion = 15.0.27130.2036
MinimumVisualStudioVersion = 10.0.40219.1
Project("{9A19103F-16F7-4668-BE54-9A1E7A4F7556}") = "Deporte.COMMON", "Deporte.COMMON\Deporte.COMMON.csproj", "{548AA979-751C-4626-8766-FBCCB6DD7041}"
EndProject
Project("{9A19103F-16F7-4668-BE54-9A1E7A4F7556}") = "Deportes.DAL", "Deportes.DAL\Deportes.DAL.csproj", "{4DD03599-6307-4318-BB8C-3B9287DEC2ED}"
EndProject
Project("{9A19103F-16F7-4668-BE54-9A1E7A4F7556}") = "Deportes.BIZ", "Deportes.BIZ\Deportes.BIZ.csproj", "{E0372D3A-17AA-41D9-82D5-9E23082B6C3B}"
EndProject
Project("{FAE04EC0-301F-11D3-BF4B-00C04F79EFBC}") = "DeportesAdministrador.GUI", "DeportesAdministrador.GUI\DeportesAdministrador.GUI.csproj", "{57735F2F-9530-449E-A905-883C980809BE}"
EndProject
Global
	GlobalSection(SolutionConfigurationPlatforms) = preSolution
		Debug|Any CPU = Debug|Any CPU
		Release|Any CPU = Release|Any CPU
	EndGlobalSection
	GlobalSection(ProjectConfigurationPlatforms) = postSolution
		{548AA979-751C-4626-8766-FBCCB6DD7041}.Debug|Any CPU.ActiveCfg = Debug|Any CPU
		{548AA979-751C-4626-8766-FBCCB6DD7041}.Debug|Any CPU.Build.0 = Debug|Any CPU
		{548AA979-751C-4626-8766-FBCCB6DD7041}.Release|Any CPU.ActiveCfg = Release|Any CPU
		{548AA979-751C-4626-8766-FBCCB6DD7041}.Release|Any CPU.Build.0 = Release|Any CPU
		{4DD03599-6307-4318-BB8C-3B9287DEC2ED}.Debug|Any CPU.ActiveCfg = Debug|Any CPU
		{4DD03599-6307-4318-BB8C-3B9287DEC2ED}.Debug|Any CPU.Build.0 = Debug|Any CPU
		{4DD03599-6307-4318-BB8C-3B9287DEC2ED}.Release|Any CPU.ActiveCfg = Release|Any CPU
		{4DD03599-6307-4318-BB8C-3B9287DEC2ED}.Release|Any CPU.Build.0 = Release|Any CPU
		{E0372D3A-17AA-41D9-82D5-9E23082B6C3B}.Debug|Any CPU.ActiveCfg = Debug|Any CPU
		{E0372D3A-17AA-41D9-82D5-9E23082B6C3B}.Debug|Any CPU.Build.0 = Debug|Any CPU
		{E0372D3A-17AA-41D9-82D5-9E23082B6C3B}.Release|Any CPU.ActiveCfg = Release|Any CPU
		{E0372D3A-17AA-41D9-82D5-9E23082B6C3B}.Release|Any CPU.Build.0 = Release|Any CPU
		{57735F2F-9530-449E-A905-883C980809BE}.Debug|Any CPU.ActiveCfg = Debug|Any CPU
		{57735F2F-9530-449E-A905-883C980809BE}.Debug|Any CPU.Build.0 = Debug|Any CPU
		{57735F2F-9530-449E-A905-883C980809BE}.Release|Any CPU.ActiveCfg = Release|Any CPU
		{57735F2F-9530-449E-A905-883C980809BE}.Release|Any CPU.Build.0 = Release|Any CPU
	EndGlobalSection
	GlobalSection(SolutionProperties) = preSolution
		HideSolutionNode = FALSE
	EndGlobalSection
	GlobalSection(ExtensibilityGlobals) = postSolution
		SolutionGuid = {8FEC3F57-C2F2-4F5D-A53B-E4C2B8B7A37C}
	EndGlobalSection
EndGlobal
